// !$*UTF8*$!
{
	archiveVersion = 1;
	classes = {
	};
	objectVersion = 55;
	objects = {

/* Begin PBXBuildFile section */
		CE2094CA27481B2300692EFE /* UiButton+Extension.swift in Sources */ = {isa = PBXBuildFile; fileRef = CE2094C927481B2300692EFE /* UiButton+Extension.swift */; };
		CE2094CC27481D6100692EFE /* Util.swift in Sources */ = {isa = PBXBuildFile; fileRef = CE2094CB27481D6100692EFE /* Util.swift */; };
		CE2094D12748269000692EFE /* LocationManager.swift in Sources */ = {isa = PBXBuildFile; fileRef = CE2094D02748269000692EFE /* LocationManager.swift */; };
		CE2094D327483F4C00692EFE /* AppConstant.swift in Sources */ = {isa = PBXBuildFile; fileRef = CE2094D227483F4C00692EFE /* AppConstant.swift */; };
		CE2094D527483F9200692EFE /* APIClient.swift in Sources */ = {isa = PBXBuildFile; fileRef = CE2094D427483F9200692EFE /* APIClient.swift */; };
		CE2094D7274843F100692EFE /* WeatherDetailsResponse.swift in Sources */ = {isa = PBXBuildFile; fileRef = CE2094D6274843F100692EFE /* WeatherDetailsResponse.swift */; };
		CE2094D9274845AC00692EFE /* APIResponse.swift in Sources */ = {isa = PBXBuildFile; fileRef = CE2094D8274845AC00692EFE /* APIResponse.swift */; };
		CE388206274808C200D4FDF9 /* AppDelegate.swift in Sources */ = {isa = PBXBuildFile; fileRef = CE388205274808C200D4FDF9 /* AppDelegate.swift */; };
		CE38820D274808C200D4FDF9 /* Main.storyboard in Resources */ = {isa = PBXBuildFile; fileRef = CE38820B274808C200D4FDF9 /* Main.storyboard */; };
		CE38820F274808C300D4FDF9 /* Assets.xcassets in Resources */ = {isa = PBXBuildFile; fileRef = CE38820E274808C300D4FDF9 /* Assets.xcassets */; };
		CE388212274808C300D4FDF9 /* LaunchScreen.storyboard in Resources */ = {isa = PBXBuildFile; fileRef = CE388210274808C300D4FDF9 /* LaunchScreen.storyboard */; };
		CE38821D274808C400D4FDF9 /* TheWeatherTests.swift in Sources */ = {isa = PBXBuildFile; fileRef = CE38821C274808C400D4FDF9 /* TheWeatherTests.swift */; };
		CE388227274808C400D4FDF9 /* TheWeatherUITests.swift in Sources */ = {isa = PBXBuildFile; fileRef = CE388226274808C400D4FDF9 /* TheWeatherUITests.swift */; };
		CE388229274808C400D4FDF9 /* TheWeatherUITestsLaunchTests.swift in Sources */ = {isa = PBXBuildFile; fileRef = CE388228274808C400D4FDF9 /* TheWeatherUITestsLaunchTests.swift */; };
		CE388236274808E800D4FDF9 /* BaseViewController.swift in Sources */ = {isa = PBXBuildFile; fileRef = CE388235274808E800D4FDF9 /* BaseViewController.swift */; };
		CE38823A27480A2300D4FDF9 /* StartupManager.swift in Sources */ = {isa = PBXBuildFile; fileRef = CE38823927480A2300D4FDF9 /* StartupManager.swift */; };
		CE38823F27480CE400D4FDF9 /* UIViewController+Extension.swift in Sources */ = {isa = PBXBuildFile; fileRef = CE38823E27480CE400D4FDF9 /* UIViewController+Extension.swift */; };
		CE38824227480DEF00D4FDF9 /* UIApplication+Extension.swift in Sources */ = {isa = PBXBuildFile; fileRef = CE38824127480DEF00D4FDF9 /* UIApplication+Extension.swift */; };
		CE38824427480E2B00D4FDF9 /* Alias.swift in Sources */ = {isa = PBXBuildFile; fileRef = CE38824327480E2B00D4FDF9 /* Alias.swift */; };
		CE38824627480EA700D4FDF9 /* LocationInputVC.swift in Sources */ = {isa = PBXBuildFile; fileRef = CE38824527480EA700D4FDF9 /* LocationInputVC.swift */; };
		CE3882482748146E00D4FDF9 /* UIView+Extension.swift in Sources */ = {isa = PBXBuildFile; fileRef = CE3882472748146E00D4FDF9 /* UIView+Extension.swift */; };
		CE38824A2748153500D4FDF9 /* UILabel+Extension.swift in Sources */ = {isa = PBXBuildFile; fileRef = CE3882492748153500D4FDF9 /* UILabel+Extension.swift */; };
		CE38824E2748187500D4FDF9 /* String+Extension.swift in Sources */ = {isa = PBXBuildFile; fileRef = CE38824D2748187500D4FDF9 /* String+Extension.swift */; };
		CE38824F274818AF00D4FDF9 /* Localizable.strings in Resources */ = {isa = PBXBuildFile; fileRef = CE388251274818AF00D4FDF9 /* Localizable.strings */; };
		D0A49500E0ECC0ABADBBDC56 /* Pods_TheWeather.framework in Frameworks */ = {isa = PBXBuildFile; fileRef = 0C630D91847BF4D00F767FB3 /* Pods_TheWeather.framework */; };
/* End PBXBuildFile section */

/* Begin PBXContainerItemProxy section */
		CE388219274808C400D4FDF9 /* PBXContainerItemProxy */ = {
			isa = PBXContainerItemProxy;
			containerPortal = CE3881FA274808C200D4FDF9 /* Project object */;
			proxyType = 1;
			remoteGlobalIDString = CE388201274808C200D4FDF9;
			remoteInfo = TheWeather;
		};
		CE388223274808C400D4FDF9 /* PBXContainerItemProxy */ = {
			isa = PBXContainerItemProxy;
			containerPortal = CE3881FA274808C200D4FDF9 /* Project object */;
			proxyType = 1;
			remoteGlobalIDString = CE388201274808C200D4FDF9;
			remoteInfo = TheWeather;
		};
/* End PBXContainerItemProxy section */

/* Begin PBXFileReference section */
		07E3537BB1C5D515043F3E47 /* Pods-TheWeather.release.xcconfig */ = {isa = PBXFileReference; includeInIndex = 1; lastKnownFileType = text.xcconfig; name = "Pods-TheWeather.release.xcconfig"; path = "Target Support Files/Pods-TheWeather/Pods-TheWeather.release.xcconfig"; sourceTree = "<group>"; };
		0C630D91847BF4D00F767FB3 /* Pods_TheWeather.framework */ = {isa = PBXFileReference; explicitFileType = wrapper.framework; includeInIndex = 0; path = Pods_TheWeather.framework; sourceTree = BUILT_PRODUCTS_DIR; };
		3B00F61AF3299A889FB7BF31 /* Pods-TheWeather.debug.xcconfig */ = {isa = PBXFileReference; includeInIndex = 1; lastKnownFileType = text.xcconfig; name = "Pods-TheWeather.debug.xcconfig"; path = "Target Support Files/Pods-TheWeather/Pods-TheWeather.debug.xcconfig"; sourceTree = "<group>"; };
		CE2094C927481B2300692EFE /* UiButton+Extension.swift */ = {isa = PBXFileReference; lastKnownFileType = sourcecode.swift; path = "UiButton+Extension.swift"; sourceTree = "<group>"; };
		CE2094CB27481D6100692EFE /* Util.swift */ = {isa = PBXFileReference; lastKnownFileType = sourcecode.swift; path = Util.swift; sourceTree = "<group>"; };
		CE2094D02748269000692EFE /* LocationManager.swift */ = {isa = PBXFileReference; lastKnownFileType = sourcecode.swift; path = LocationManager.swift; sourceTree = "<group>"; };
		CE2094D227483F4C00692EFE /* AppConstant.swift */ = {isa = PBXFileReference; lastKnownFileType = sourcecode.swift; path = AppConstant.swift; sourceTree = "<group>"; };
		CE2094D427483F9200692EFE /* APIClient.swift */ = {isa = PBXFileReference; lastKnownFileType = sourcecode.swift; path = APIClient.swift; sourceTree = "<group>"; };
		CE2094D6274843F100692EFE /* WeatherDetailsResponse.swift */ = {isa = PBXFileReference; lastKnownFileType = sourcecode.swift; path = WeatherDetailsResponse.swift; sourceTree = "<group>"; };
		CE2094D8274845AC00692EFE /* APIResponse.swift */ = {isa = PBXFileReference; lastKnownFileType = sourcecode.swift; path = APIResponse.swift; sourceTree = "<group>"; };
		CE388202274808C200D4FDF9 /* TheWeather.app */ = {isa = PBXFileReference; explicitFileType = wrapper.application; includeInIndex = 0; path = TheWeather.app; sourceTree = BUILT_PRODUCTS_DIR; };
		CE388205274808C200D4FDF9 /* AppDelegate.swift */ = {isa = PBXFileReference; lastKnownFileType = sourcecode.swift; path = AppDelegate.swift; sourceTree = "<group>"; };
		CE38820C274808C200D4FDF9 /* Base */ = {isa = PBXFileReference; lastKnownFileType = file.storyboard; name = Base; path = Base.lproj/Main.storyboard; sourceTree = "<group>"; };
		CE38820E274808C300D4FDF9 /* Assets.xcassets */ = {isa = PBXFileReference; lastKnownFileType = folder.assetcatalog; path = Assets.xcassets; sourceTree = "<group>"; };
		CE388211274808C300D4FDF9 /* Base */ = {isa = PBXFileReference; lastKnownFileType = file.storyboard; name = Base; path = Base.lproj/LaunchScreen.storyboard; sourceTree = "<group>"; };
		CE388213274808C300D4FDF9 /* Info.plist */ = {isa = PBXFileReference; lastKnownFileType = text.plist.xml; path = Info.plist; sourceTree = "<group>"; };
		CE388218274808C400D4FDF9 /* TheWeatherTests.xctest */ = {isa = PBXFileReference; explicitFileType = wrapper.cfbundle; includeInIndex = 0; path = TheWeatherTests.xctest; sourceTree = BUILT_PRODUCTS_DIR; };
		CE38821C274808C400D4FDF9 /* TheWeatherTests.swift */ = {isa = PBXFileReference; lastKnownFileType = sourcecode.swift; path = TheWeatherTests.swift; sourceTree = "<group>"; };
		CE388222274808C400D4FDF9 /* TheWeatherUITests.xctest */ = {isa = PBXFileReference; explicitFileType = wrapper.cfbundle; includeInIndex = 0; path = TheWeatherUITests.xctest; sourceTree = BUILT_PRODUCTS_DIR; };
		CE388226274808C400D4FDF9 /* TheWeatherUITests.swift */ = {isa = PBXFileReference; lastKnownFileType = sourcecode.swift; path = TheWeatherUITests.swift; sourceTree = "<group>"; };
		CE388228274808C400D4FDF9 /* TheWeatherUITestsLaunchTests.swift */ = {isa = PBXFileReference; lastKnownFileType = sourcecode.swift; path = TheWeatherUITestsLaunchTests.swift; sourceTree = "<group>"; };
		CE388235274808E800D4FDF9 /* BaseViewController.swift */ = {isa = PBXFileReference; lastKnownFileType = sourcecode.swift; path = BaseViewController.swift; sourceTree = "<group>"; };
		CE38823927480A2300D4FDF9 /* StartupManager.swift */ = {isa = PBXFileReference; lastKnownFileType = sourcecode.swift; path = StartupManager.swift; sourceTree = "<group>"; };
		CE38823C27480C6800D4FDF9 /* en */ = {isa = PBXFileReference; lastKnownFileType = text.plist.strings; name = en; path = en.lproj/Main.strings; sourceTree = "<group>"; };
		CE38823E27480CE400D4FDF9 /* UIViewController+Extension.swift */ = {isa = PBXFileReference; lastKnownFileType = sourcecode.swift; path = "UIViewController+Extension.swift"; sourceTree = "<group>"; };
		CE38824127480DEF00D4FDF9 /* UIApplication+Extension.swift */ = {isa = PBXFileReference; lastKnownFileType = sourcecode.swift; path = "UIApplication+Extension.swift"; sourceTree = "<group>"; };
		CE38824327480E2B00D4FDF9 /* Alias.swift */ = {isa = PBXFileReference; lastKnownFileType = sourcecode.swift; path = Alias.swift; sourceTree = "<group>"; };
		CE38824527480EA700D4FDF9 /* LocationInputVC.swift */ = {isa = PBXFileReference; lastKnownFileType = sourcecode.swift; path = LocationInputVC.swift; sourceTree = "<group>"; };
		CE3882472748146E00D4FDF9 /* UIView+Extension.swift */ = {isa = PBXFileReference; lastKnownFileType = sourcecode.swift; path = "UIView+Extension.swift"; sourceTree = "<group>"; };
		CE3882492748153500D4FDF9 /* UILabel+Extension.swift */ = {isa = PBXFileReference; lastKnownFileType = sourcecode.swift; path = "UILabel+Extension.swift"; sourceTree = "<group>"; };
		CE38824D2748187500D4FDF9 /* String+Extension.swift */ = {isa = PBXFileReference; lastKnownFileType = sourcecode.swift; path = "String+Extension.swift"; sourceTree = "<group>"; };
		CE388250274818AF00D4FDF9 /* en */ = {isa = PBXFileReference; lastKnownFileType = text.plist.strings; name = en; path = en.lproj/Localizable.strings; sourceTree = "<group>"; };
/* End PBXFileReference section */

/* Begin PBXFrameworksBuildPhase section */
		CE3881FF274808C200D4FDF9 /* Frameworks */ = {
			isa = PBXFrameworksBuildPhase;
			buildActionMask = 2147483647;
			files = (
				D0A49500E0ECC0ABADBBDC56 /* Pods_TheWeather.framework in Frameworks */,
			);
			runOnlyForDeploymentPostprocessing = 0;
		};
		CE388215274808C400D4FDF9 /* Frameworks */ = {
			isa = PBXFrameworksBuildPhase;
			buildActionMask = 2147483647;
			files = (
			);
			runOnlyForDeploymentPostprocessing = 0;
		};
		CE38821F274808C400D4FDF9 /* Frameworks */ = {
			isa = PBXFrameworksBuildPhase;
			buildActionMask = 2147483647;
			files = (
			);
			runOnlyForDeploymentPostprocessing = 0;
		};
/* End PBXFrameworksBuildPhase section */

/* Begin PBXGroup section */
		4D408C0A7D02D86E5AA4BEB7 /* Frameworks */ = {
			isa = PBXGroup;
			children = (
				0C630D91847BF4D00F767FB3 /* Pods_TheWeather.framework */,
			);
			name = Frameworks;
			sourceTree = "<group>";
		};
		CE2094CD27481DAD00692EFE /* Common */ = {
			isa = PBXGroup;
			children = (
				CE38824327480E2B00D4FDF9 /* Alias.swift */,
				CE2094CB27481D6100692EFE /* Util.swift */,
				CE2094D227483F4C00692EFE /* AppConstant.swift */,
			);
			path = Common;
			sourceTree = "<group>";
		};
		CE3881F9274808C200D4FDF9 = {
			isa = PBXGroup;
			children = (
				CE388204274808C200D4FDF9 /* TheWeather */,
				CE38821B274808C400D4FDF9 /* TheWeatherTests */,
				CE388225274808C400D4FDF9 /* TheWeatherUITests */,
				CE388203274808C200D4FDF9 /* Products */,
				F34B04C24E72D1F07EB09F6E /* Pods */,
				4D408C0A7D02D86E5AA4BEB7 /* Frameworks */,
			);
			sourceTree = "<group>";
		};
		CE388203274808C200D4FDF9 /* Products */ = {
			isa = PBXGroup;
			children = (
				CE388202274808C200D4FDF9 /* TheWeather.app */,
				CE388218274808C400D4FDF9 /* TheWeatherTests.xctest */,
				CE388222274808C400D4FDF9 /* TheWeatherUITests.xctest */,
			);
			name = Products;
			sourceTree = "<group>";
		};
		CE388204274808C200D4FDF9 /* TheWeather */ = {
			isa = PBXGroup;
			children = (
				CE388205274808C200D4FDF9 /* AppDelegate.swift */,
				CE2094D6274843F100692EFE /* WeatherDetailsResponse.swift */,
				CE2094D8274845AC00692EFE /* APIResponse.swift */,
				CE2094CD27481DAD00692EFE /* Common */,
				CE38824027480CEC00D4FDF9 /* Extensions */,
				CE38823D27480C7C00D4FDF9 /* Managers */,
				CE388237274808F400D4FDF9 /* Controllers */,
				CE3882382748090A00D4FDF9 /* Storyboards */,
				CE38820E274808C300D4FDF9 /* Assets.xcassets */,
				CE388210274808C300D4FDF9 /* LaunchScreen.storyboard */,
				CE388213274808C300D4FDF9 /* Info.plist */,
				CE388251274818AF00D4FDF9 /* Localizable.strings */,
			);
			path = TheWeather;
			sourceTree = "<group>";
		};
		CE38821B274808C400D4FDF9 /* TheWeatherTests */ = {
			isa = PBXGroup;
			children = (
				CE38821C274808C400D4FDF9 /* TheWeatherTests.swift */,
			);
			path = TheWeatherTests;
			sourceTree = "<group>";
		};
		CE388225274808C400D4FDF9 /* TheWeatherUITests */ = {
			isa = PBXGroup;
			children = (
				CE388226274808C400D4FDF9 /* TheWeatherUITests.swift */,
				CE388228274808C400D4FDF9 /* TheWeatherUITestsLaunchTests.swift */,
			);
			path = TheWeatherUITests;
			sourceTree = "<group>";
		};
		CE388237274808F400D4FDF9 /* Controllers */ = {
			isa = PBXGroup;
			children = (
				CE388235274808E800D4FDF9 /* BaseViewController.swift */,
				CE38824527480EA700D4FDF9 /* LocationInputVC.swift */,
			);
			path = Controllers;
			sourceTree = "<group>";
		};
		CE3882382748090A00D4FDF9 /* Storyboards */ = {
			isa = PBXGroup;
			children = (
				CE38820B274808C200D4FDF9 /* Main.storyboard */,
			);
			path = Storyboards;
			sourceTree = "<group>";
		};
		CE38823D27480C7C00D4FDF9 /* Managers */ = {
			isa = PBXGroup;
			children = (
				CE38823927480A2300D4FDF9 /* StartupManager.swift */,
				CE2094D02748269000692EFE /* LocationManager.swift */,
				CE2094D427483F9200692EFE /* APIClient.swift */,
			);
			path = Managers;
			sourceTree = "<group>";
		};
		CE38824027480CEC00D4FDF9 /* Extensions */ = {
			isa = PBXGroup;
			children = (
				CE38823E27480CE400D4FDF9 /* UIViewController+Extension.swift */,
				CE38824127480DEF00D4FDF9 /* UIApplication+Extension.swift */,
				CE3882472748146E00D4FDF9 /* UIView+Extension.swift */,
				CE3882492748153500D4FDF9 /* UILabel+Extension.swift */,
				CE2094C927481B2300692EFE /* UiButton+Extension.swift */,
				CE38824D2748187500D4FDF9 /* String+Extension.swift */,
			);
			path = Extensions;
			sourceTree = "<group>";
		};
		F34B04C24E72D1F07EB09F6E /* Pods */ = {
			isa = PBXGroup;
			children = (
				3B00F61AF3299A889FB7BF31 /* Pods-TheWeather.debug.xcconfig */,
				07E3537BB1C5D515043F3E47 /* Pods-TheWeather.release.xcconfig */,
			);
			path = Pods;
			sourceTree = "<group>";
		};
/* End PBXGroup section */

/* Begin PBXNativeTarget section */
		CE388201274808C200D4FDF9 /* TheWeather */ = {
			isa = PBXNativeTarget;
			buildConfigurationList = CE38822C274808C400D4FDF9 /* Build configuration list for PBXNativeTarget "TheWeather" */;
			buildPhases = (
				CF409DD03C8F5B0F9FEB796E /* [CP] Check Pods Manifest.lock */,
				CE3881FE274808C200D4FDF9 /* Sources */,
				CE3881FF274808C200D4FDF9 /* Frameworks */,
				CE388200274808C200D4FDF9 /* Resources */,
				BCECB761CC92323D2C0C85B4 /* [CP] Embed Pods Frameworks */,
			);
			buildRules = (
			);
			dependencies = (
			);
			name = TheWeather;
			productName = TheWeather;
			productReference = CE388202274808C200D4FDF9 /* TheWeather.app */;
			productType = "com.apple.product-type.application";
		};
		CE388217274808C400D4FDF9 /* TheWeatherTests */ = {
			isa = PBXNativeTarget;
			buildConfigurationList = CE38822F274808C400D4FDF9 /* Build configuration list for PBXNativeTarget "TheWeatherTests" */;
			buildPhases = (
				CE388214274808C400D4FDF9 /* Sources */,
				CE388215274808C400D4FDF9 /* Frameworks */,
				CE388216274808C400D4FDF9 /* Resources */,
			);
			buildRules = (
			);
			dependencies = (
				CE38821A274808C400D4FDF9 /* PBXTargetDependency */,
			);
			name = TheWeatherTests;
			productName = TheWeatherTests;
			productReference = CE388218274808C400D4FDF9 /* TheWeatherTests.xctest */;
			productType = "com.apple.product-type.bundle.unit-test";
		};
		CE388221274808C400D4FDF9 /* TheWeatherUITests */ = {
			isa = PBXNativeTarget;
			buildConfigurationList = CE388232274808C400D4FDF9 /* Build configuration list for PBXNativeTarget "TheWeatherUITests" */;
			buildPhases = (
				CE38821E274808C400D4FDF9 /* Sources */,
				CE38821F274808C400D4FDF9 /* Frameworks */,
				CE388220274808C400D4FDF9 /* Resources */,
			);
			buildRules = (
			);
			dependencies = (
				CE388224274808C400D4FDF9 /* PBXTargetDependency */,
			);
			name = TheWeatherUITests;
			productName = TheWeatherUITests;
			productReference = CE388222274808C400D4FDF9 /* TheWeatherUITests.xctest */;
			productType = "com.apple.product-type.bundle.ui-testing";
		};
/* End PBXNativeTarget section */

/* Begin PBXProject section */
		CE3881FA274808C200D4FDF9 /* Project object */ = {
			isa = PBXProject;
			attributes = {
				BuildIndependentTargetsInParallel = 1;
				LastSwiftUpdateCheck = 1310;
				LastUpgradeCheck = 1310;
				TargetAttributes = {
					CE388201274808C200D4FDF9 = {
						CreatedOnToolsVersion = 13.1;
					};
					CE388217274808C400D4FDF9 = {
						CreatedOnToolsVersion = 13.1;
						TestTargetID = CE388201274808C200D4FDF9;
					};
					CE388221274808C400D4FDF9 = {
						CreatedOnToolsVersion = 13.1;
						TestTargetID = CE388201274808C200D4FDF9;
					};
				};
			};
			buildConfigurationList = CE3881FD274808C200D4FDF9 /* Build configuration list for PBXProject "TheWeather" */;
			compatibilityVersion = "Xcode 13.0";
			developmentRegion = en;
			hasScannedForEncodings = 0;
			knownRegions = (
				en,
				Base,
			);
			mainGroup = CE3881F9274808C200D4FDF9;
			productRefGroup = CE388203274808C200D4FDF9 /* Products */;
			projectDirPath = "";
			projectRoot = "";
			targets = (
				CE388201274808C200D4FDF9 /* TheWeather */,
				CE388217274808C400D4FDF9 /* TheWeatherTests */,
				CE388221274808C400D4FDF9 /* TheWeatherUITests */,
			);
		};
/* End PBXProject section */

/* Begin PBXResourcesBuildPhase section */
		CE388200274808C200D4FDF9 /* Resources */ = {
			isa = PBXResourcesBuildPhase;
			buildActionMask = 2147483647;
			files = (
				CE388212274808C300D4FDF9 /* LaunchScreen.storyboard in Resources */,
				CE38824F274818AF00D4FDF9 /* Localizable.strings in Resources */,
				CE38820F274808C300D4FDF9 /* Assets.xcassets in Resources */,
				CE38820D274808C200D4FDF9 /* Main.storyboard in Resources */,
			);
			runOnlyForDeploymentPostprocessing = 0;
		};
		CE388216274808C400D4FDF9 /* Resources */ = {
			isa = PBXResourcesBuildPhase;
			buildActionMask = 2147483647;
			files = (
			);
			runOnlyForDeploymentPostprocessing = 0;
		};
		CE388220274808C400D4FDF9 /* Resources */ = {
			isa = PBXResourcesBuildPhase;
			buildActionMask = 2147483647;
			files = (
			);
			runOnlyForDeploymentPostprocessing = 0;
		};
/* End PBXResourcesBuildPhase section */

/* Begin PBXShellScriptBuildPhase section */
		BCECB761CC92323D2C0C85B4 /* [CP] Embed Pods Frameworks */ = {
			isa = PBXShellScriptBuildPhase;
			buildActionMask = 2147483647;
			files = (
			);
			inputFileListPaths = (
				"${PODS_ROOT}/Target Support Files/Pods-TheWeather/Pods-TheWeather-frameworks-${CONFIGURATION}-input-files.xcfilelist",
			);
			name = "[CP] Embed Pods Frameworks";
			outputFileListPaths = (
				"${PODS_ROOT}/Target Support Files/Pods-TheWeather/Pods-TheWeather-frameworks-${CONFIGURATION}-output-files.xcfilelist",
			);
			runOnlyForDeploymentPostprocessing = 0;
			shellPath = /bin/sh;
			shellScript = "\"${PODS_ROOT}/Target Support Files/Pods-TheWeather/Pods-TheWeather-frameworks.sh\"\n";
			showEnvVarsInLog = 0;
		};
		CF409DD03C8F5B0F9FEB796E /* [CP] Check Pods Manifest.lock */ = {
			isa = PBXShellScriptBuildPhase;
			buildActionMask = 2147483647;
			files = (
			);
			inputFileListPaths = (
			);
			inputPaths = (
				"${PODS_PODFILE_DIR_PATH}/Podfile.lock",
				"${PODS_ROOT}/Manifest.lock",
			);
			name = "[CP] Check Pods Manifest.lock";
			outputFileListPaths = (
			);
			outputPaths = (
				"$(DERIVED_FILE_DIR)/Pods-TheWeather-checkManifestLockResult.txt",
			);
			runOnlyForDeploymentPostprocessing = 0;
			shellPath = /bin/sh;
			shellScript = "diff \"${PODS_PODFILE_DIR_PATH}/Podfile.lock\" \"${PODS_ROOT}/Manifest.lock\" > /dev/null\nif [ $? != 0 ] ; then\n    # print error to STDERR\n    echo \"error: The sandbox is not in sync with the Podfile.lock. Run 'pod install' or update your CocoaPods installation.\" >&2\n    exit 1\nfi\n# This output is used by Xcode 'outputs' to avoid re-running this script phase.\necho \"SUCCESS\" > \"${SCRIPT_OUTPUT_FILE_0}\"\n";
			showEnvVarsInLog = 0;
		};
/* End PBXShellScriptBuildPhase section */

/* Begin PBXSourcesBuildPhase section */
		CE3881FE274808C200D4FDF9 /* Sources */ = {
			isa = PBXSourcesBuildPhase;
			buildActionMask = 2147483647;
			files = (
				CE38823F27480CE400D4FDF9 /* UIViewController+Extension.swift in Sources */,
				CE38823A27480A2300D4FDF9 /* StartupManager.swift in Sources */,
				CE3882482748146E00D4FDF9 /* UIView+Extension.swift in Sources */,
				CE388236274808E800D4FDF9 /* BaseViewController.swift in Sources */,
				CE38824227480DEF00D4FDF9 /* UIApplication+Extension.swift in Sources */,
				CE2094D9274845AC00692EFE /* APIResponse.swift in Sources */,
				CE2094D7274843F100692EFE /* WeatherDetailsResponse.swift in Sources */,
				CE38824427480E2B00D4FDF9 /* Alias.swift in Sources */,
				CE388206274808C200D4FDF9 /* AppDelegate.swift in Sources */,
				CE2094CC27481D6100692EFE /* Util.swift in Sources */,
				CE2094D527483F9200692EFE /* APIClient.swift in Sources */,
				CE2094CA27481B2300692EFE /* UiButton+Extension.swift in Sources */,
				CE2094D327483F4C00692EFE /* AppConstant.swift in Sources */,
				CE38824627480EA700D4FDF9 /* LocationInputVC.swift in Sources */,
				CE38824E2748187500D4FDF9 /* String+Extension.swift in Sources */,
				CE38824A2748153500D4FDF9 /* UILabel+Extension.swift in Sources */,
				CE2094D12748269000692EFE /* LocationManager.swift in Sources */,
			);
			runOnlyForDeploymentPostprocessing = 0;
		};
		CE388214274808C400D4FDF9 /* Sources */ = {
			isa = PBXSourcesBuildPhase;
			buildActionMask = 2147483647;
			files = (
				CE38821D274808C400D4FDF9 /* TheWeatherTests.swift in Sources */,
			);
			runOnlyForDeploymentPostprocessing = 0;
		};
		CE38821E274808C400D4FDF9 /* Sources */ = {
			isa = PBXSourcesBuildPhase;
			buildActionMask = 2147483647;
			files = (
				CE388227274808C400D4FDF9 /* TheWeatherUITests.swift in Sources */,
				CE388229274808C400D4FDF9 /* TheWeatherUITestsLaunchTests.swift in Sources */,
			);
			runOnlyForDeploymentPostprocessing = 0;
		};
/* End PBXSourcesBuildPhase section */

/* Begin PBXTargetDependency section */
		CE38821A274808C400D4FDF9 /* PBXTargetDependency */ = {
			isa = PBXTargetDependency;
			target = CE388201274808C200D4FDF9 /* TheWeather */;
			targetProxy = CE388219274808C400D4FDF9 /* PBXContainerItemProxy */;
		};
		CE388224274808C400D4FDF9 /* PBXTargetDependency */ = {
			isa = PBXTargetDependency;
			target = CE388201274808C200D4FDF9 /* TheWeather */;
			targetProxy = CE388223274808C400D4FDF9 /* PBXContainerItemProxy */;
		};
/* End PBXTargetDependency section */

/* Begin PBXVariantGroup section */
		CE38820B274808C200D4FDF9 /* Main.storyboard */ = {
			isa = PBXVariantGroup;
			children = (
				CE38820C274808C200D4FDF9 /* Base */,
				CE38823C27480C6800D4FDF9 /* en */,
			);
			name = Main.storyboard;
			sourceTree = "<group>";
		};
		CE388210274808C300D4FDF9 /* LaunchScreen.storyboard */ = {
			isa = PBXVariantGroup;
			children = (
				CE388211274808C300D4FDF9 /* Base */,
			);
			name = LaunchScreen.storyboard;
			sourceTree = "<group>";
		};
		CE388251274818AF00D4FDF9 /* Localizable.strings */ = {
			isa = PBXVariantGroup;
			children = (
				CE388250274818AF00D4FDF9 /* en */,
			);
			name = Localizable.strings;
			sourceTree = "<group>";
		};
/* End PBXVariantGroup section */

/* Begin XCBuildConfiguration section */
		CE38822A274808C400D4FDF9 /* Debug */ = {
			isa = XCBuildConfiguration;
			buildSettings = {
				ALWAYS_SEARCH_USER_PATHS = NO;
				CLANG_ANALYZER_NONNULL = YES;
				CLANG_ANALYZER_NUMBER_OBJECT_CONVERSION = YES_AGGRESSIVE;
				CLANG_CXX_LANGUAGE_STANDARD = "gnu++17";
				CLANG_CXX_LIBRARY = "libc++";
				CLANG_ENABLE_MODULES = YES;
				CLANG_ENABLE_OBJC_ARC = YES;
				CLANG_ENABLE_OBJC_WEAK = YES;
				CLANG_WARN_BLOCK_CAPTURE_AUTORELEASING = YES;
				CLANG_WARN_BOOL_CONVERSION = YES;
				CLANG_WARN_COMMA = YES;
				CLANG_WARN_CONSTANT_CONVERSION = YES;
				CLANG_WARN_DEPRECATED_OBJC_IMPLEMENTATIONS = YES;
				CLANG_WARN_DIRECT_OBJC_ISA_USAGE = YES_ERROR;
				CLANG_WARN_DOCUMENTATION_COMMENTS = YES;
				CLANG_WARN_EMPTY_BODY = YES;
				CLANG_WARN_ENUM_CONVERSION = YES;
				CLANG_WARN_INFINITE_RECURSION = YES;
				CLANG_WARN_INT_CONVERSION = YES;
				CLANG_WARN_NON_LITERAL_NULL_CONVERSION = YES;
				CLANG_WARN_OBJC_IMPLICIT_RETAIN_SELF = YES;
				CLANG_WARN_OBJC_LITERAL_CONVERSION = YES;
				CLANG_WARN_OBJC_ROOT_CLASS = YES_ERROR;
				CLANG_WARN_QUOTED_INCLUDE_IN_FRAMEWORK_HEADER = YES;
				CLANG_WARN_RANGE_LOOP_ANALYSIS = YES;
				CLANG_WARN_STRICT_PROTOTYPES = YES;
				CLANG_WARN_SUSPICIOUS_MOVE = YES;
				CLANG_WARN_UNGUARDED_AVAILABILITY = YES_AGGRESSIVE;
				CLANG_WARN_UNREACHABLE_CODE = YES;
				CLANG_WARN__DUPLICATE_METHOD_MATCH = YES;
				COPY_PHASE_STRIP = NO;
				DEBUG_INFORMATION_FORMAT = dwarf;
				ENABLE_STRICT_OBJC_MSGSEND = YES;
				ENABLE_TESTABILITY = YES;
				GCC_C_LANGUAGE_STANDARD = gnu11;
				GCC_DYNAMIC_NO_PIC = NO;
				GCC_NO_COMMON_BLOCKS = YES;
				GCC_OPTIMIZATION_LEVEL = 0;
				GCC_PREPROCESSOR_DEFINITIONS = (
					"DEBUG=1",
					"$(inherited)",
				);
				GCC_WARN_64_TO_32_BIT_CONVERSION = YES;
				GCC_WARN_ABOUT_RETURN_TYPE = YES_ERROR;
				GCC_WARN_UNDECLARED_SELECTOR = YES;
				GCC_WARN_UNINITIALIZED_AUTOS = YES_AGGRESSIVE;
				GCC_WARN_UNUSED_FUNCTION = YES;
				GCC_WARN_UNUSED_VARIABLE = YES;
				IPHONEOS_DEPLOYMENT_TARGET = 15.0;
				MTL_ENABLE_DEBUG_INFO = INCLUDE_SOURCE;
				MTL_FAST_MATH = YES;
				ONLY_ACTIVE_ARCH = YES;
				SDKROOT = iphoneos;
				SWIFT_ACTIVE_COMPILATION_CONDITIONS = DEBUG;
				SWIFT_OPTIMIZATION_LEVEL = "-Onone";
			};
			name = Debug;
		};
		CE38822B274808C400D4FDF9 /* Release */ = {
			isa = XCBuildConfiguration;
			buildSettings = {
				ALWAYS_SEARCH_USER_PATHS = NO;
				CLANG_ANALYZER_NONNULL = YES;
				CLANG_ANALYZER_NUMBER_OBJECT_CONVERSION = YES_AGGRESSIVE;
				CLANG_CXX_LANGUAGE_STANDARD = "gnu++17";
				CLANG_CXX_LIBRARY = "libc++";
				CLANG_ENABLE_MODULES = YES;
				CLANG_ENABLE_OBJC_ARC = YES;
				CLANG_ENABLE_OBJC_WEAK = YES;
				CLANG_WARN_BLOCK_CAPTURE_AUTORELEASING = YES;
				CLANG_WARN_BOOL_CONVERSION = YES;
				CLANG_WARN_COMMA = YES;
				CLANG_WARN_CONSTANT_CONVERSION = YES;
				CLANG_WARN_DEPRECATED_OBJC_IMPLEMENTATIONS = YES;
				CLANG_WARN_DIRECT_OBJC_ISA_USAGE = YES_ERROR;
				CLANG_WARN_DOCUMENTATION_COMMENTS = YES;
				CLANG_WARN_EMPTY_BODY = YES;
				CLANG_WARN_ENUM_CONVERSION = YES;
				CLANG_WARN_INFINITE_RECURSION = YES;
				CLANG_WARN_INT_CONVERSION = YES;
				CLANG_WARN_NON_LITERAL_NULL_CONVERSION = YES;
				CLANG_WARN_OBJC_IMPLICIT_RETAIN_SELF = YES;
				CLANG_WARN_OBJC_LITERAL_CONVERSION = YES;
				CLANG_WARN_OBJC_ROOT_CLASS = YES_ERROR;
				CLANG_WARN_QUOTED_INCLUDE_IN_FRAMEWORK_HEADER = YES;
				CLANG_WARN_RANGE_LOOP_ANALYSIS = YES;
				CLANG_WARN_STRICT_PROTOTYPES = YES;
				CLANG_WARN_SUSPICIOUS_MOVE = YES;
				CLANG_WARN_UNGUARDED_AVAILABILITY = YES_AGGRESSIVE;
				CLANG_WARN_UNREACHABLE_CODE = YES;
				CLANG_WARN__DUPLICATE_METHOD_MATCH = YES;
				COPY_PHASE_STRIP = NO;
				DEBUG_INFORMATION_FORMAT = "dwarf-with-dsym";
				ENABLE_NS_ASSERTIONS = NO;
				ENABLE_STRICT_OBJC_MSGSEND = YES;
				GCC_C_LANGUAGE_STANDARD = gnu11;
				GCC_NO_COMMON_BLOCKS = YES;
				GCC_WARN_64_TO_32_BIT_CONVERSION = YES;
				GCC_WARN_ABOUT_RETURN_TYPE = YES_ERROR;
				GCC_WARN_UNDECLARED_SELECTOR = YES;
				GCC_WARN_UNINITIALIZED_AUTOS = YES_AGGRESSIVE;
				GCC_WARN_UNUSED_FUNCTION = YES;
				GCC_WARN_UNUSED_VARIABLE = YES;
				IPHONEOS_DEPLOYMENT_TARGET = 15.0;
				MTL_ENABLE_DEBUG_INFO = NO;
				MTL_FAST_MATH = YES;
				SDKROOT = iphoneos;
				SWIFT_COMPILATION_MODE = wholemodule;
				SWIFT_OPTIMIZATION_LEVEL = "-O";
				VALIDATE_PRODUCT = YES;
			};
			name = Release;
		};
		CE38822D274808C400D4FDF9 /* Debug */ = {
			isa = XCBuildConfiguration;
			baseConfigurationReference = 3B00F61AF3299A889FB7BF31 /* Pods-TheWeather.debug.xcconfig */;
			buildSettings = {
				ASSETCATALOG_COMPILER_APPICON_NAME = AppIcon;
				ASSETCATALOG_COMPILER_GLOBAL_ACCENT_COLOR_NAME = AccentColor;
				CODE_SIGN_STYLE = Automatic;
				CURRENT_PROJECT_VERSION = 1;
				DEVELOPMENT_TEAM = 999448MWZF;
				GENERATE_INFOPLIST_FILE = YES;
				INFOPLIST_FILE = TheWeather/Info.plist;
				INFOPLIST_KEY_NSLocationWhenInUseUsageDescription = "Gatherin App needs to access location to get nearest result";
				INFOPLIST_KEY_UIApplicationSupportsIndirectInputEvents = YES;
				INFOPLIST_KEY_UILaunchStoryboardName = LaunchScreen;
				INFOPLIST_KEY_UIMainStoryboardFile = Main;
				INFOPLIST_KEY_UISupportedInterfaceOrientations_iPad = "UIInterfaceOrientationPortrait UIInterfaceOrientationPortraitUpsideDown UIInterfaceOrientationLandscapeLeft UIInterfaceOrientationLandscapeRight";
				INFOPLIST_KEY_UISupportedInterfaceOrientations_iPhone = "UIInterfaceOrientationPortrait UIInterfaceOrientationLandscapeLeft UIInterfaceOrientationLandscapeRight";
				LD_RUNPATH_SEARCH_PATHS = (
					"$(inherited)",
					"@executable_path/Frameworks",
				);
				MARKETING_VERSION = 1.0;
				PRODUCT_BUNDLE_IDENTIFIER = com.elzokla.theweatherapp.TheWeather;
				PRODUCT_NAME = "$(TARGET_NAME)";
				SWIFT_EMIT_LOC_STRINGS = YES;
				SWIFT_VERSION = 5.0;
				TARGETED_DEVICE_FAMILY = "1,2";
			};
			name = Debug;
		};
		CE38822E274808C400D4FDF9 /* Release */ = {
			isa = XCBuildConfiguration;
			baseConfigurationReference = 07E3537BB1C5D515043F3E47 /* Pods-TheWeather.release.xcconfig */;
			buildSettings = {
				ASSETCATALOG_COMPILER_APPICON_NAME = AppIcon;
				ASSETCATALOG_COMPILER_GLOBAL_ACCENT_COLOR_NAME = AccentColor;
				CODE_SIGN_STYLE = Automatic;
				CURRENT_PROJECT_VERSION = 1;
				DEVELOPMENT_TEAM = 999448MWZF;
				GENERATE_INFOPLIST_FILE = YES;
				INFOPLIST_FILE = TheWeather/Info.plist;
				INFOPLIST_KEY_NSLocationWhenInUseUsageDescription = "Gatherin App needs to access location to get nearest result";
				INFOPLIST_KEY_UIApplicationSupportsIndirectInputEvents = YES;
				INFOPLIST_KEY_UILaunchStoryboardName = LaunchScreen;
				INFOPLIST_KEY_UIMainStoryboardFile = Main;
				INFOPLIST_KEY_UISupportedInterfaceOrientations_iPad = "UIInterfaceOrientationPortrait UIInterfaceOrientationPortraitUpsideDown UIInterfaceOrientationLandscapeLeft UIInterfaceOrientationLandscapeRight";
				INFOPLIST_KEY_UISupportedInterfaceOrientations_iPhone = "UIInterfaceOrientationPortrait UIInterfaceOrientationLandscapeLeft UIInterfaceOrientationLandscapeRight";
				LD_RUNPATH_SEARCH_PATHS = (
					"$(inherited)",
					"@executable_path/Frameworks",
				);
				MARKETING_VERSION = 1.0;
				PRODUCT_BUNDLE_IDENTIFIER = com.elzokla.theweatherapp.TheWeather;
				PRODUCT_NAME = "$(TARGET_NAME)";
				SWIFT_EMIT_LOC_STRINGS = YES;
				SWIFT_VERSION = 5.0;
				TARGETED_DEVICE_FAMILY = "1,2";
			};
			name = Release;
		};
		CE388230274808C400D4FDF9 /* Debug */ = {
			isa = XCBuildConfiguration;
			buildSettings = {
				ALWAYS_EMBED_SWIFT_STANDARD_LIBRARIES = YES;
				BUNDLE_LOADER = "$(TEST_HOST)";
				CODE_SIGN_STYLE = Automatic;
				CURRENT_PROJECT_VERSION = 1;
				DEVELOPMENT_TEAM = 999448MWZF;
				GENERATE_INFOPLIST_FILE = YES;
				IPHONEOS_DEPLOYMENT_TARGET = 15.0;
				LD_RUNPATH_SEARCH_PATHS = (
					"$(inherited)",
					"@executable_path/Frameworks",
					"@loader_path/Frameworks",
				);
				MARKETING_VERSION = 1.0;
				PRODUCT_BUNDLE_IDENTIFIER = com.elzokla.theweatherapp.TheWeatherTests;
				PRODUCT_NAME = "$(TARGET_NAME)";
				SWIFT_EMIT_LOC_STRINGS = NO;
				SWIFT_VERSION = 5.0;
				TARGETED_DEVICE_FAMILY = "1,2";
				TEST_HOST = "$(BUILT_PRODUCTS_DIR)/TheWeather.app/TheWeather";
			};
			name = Debug;
		};
		CE388231274808C400D4FDF9 /* Release */ = {
			isa = XCBuildConfiguration;
			buildSettings = {
				ALWAYS_EMBED_SWIFT_STANDARD_LIBRARIES = YES;
				BUNDLE_LOADER = "$(TEST_HOST)";
				CODE_SIGN_STYLE = Automatic;
				CURRENT_PROJECT_VERSION = 1;
				DEVELOPMENT_TEAM = 999448MWZF;
				GENERATE_INFOPLIST_FILE = YES;
				IPHONEOS_DEPLOYMENT_TARGET = 15.0;
				LD_RUNPATH_SEARCH_PATHS = (
					"$(inherited)",
					"@executable_path/Frameworks",
					"@loader_path/Frameworks",
				);
				MARKETING_VERSION = 1.0;
				PRODUCT_BUNDLE_IDENTIFIER = com.elzokla.theweatherapp.TheWeatherTests;
				PRODUCT_NAME = "$(TARGET_NAME)";
				SWIFT_EMIT_LOC_STRINGS = NO;
				SWIFT_VERSION = 5.0;
				TARGETED_DEVICE_FAMILY = "1,2";
				TEST_HOST = "$(BUILT_PRODUCTS_DIR)/TheWeather.app/TheWeather";
			};
			name = Release;
		};
		CE388233274808C400D4FDF9 /* Debug */ = {
			isa = XCBuildConfiguration;
			buildSettings = {
				ALWAYS_EMBED_SWIFT_STANDARD_LIBRARIES = YES;
				CODE_SIGN_STYLE = Automatic;
				CURRENT_PROJECT_VERSION = 1;
				DEVELOPMENT_TEAM = 999448MWZF;
				GENERATE_INFOPLIST_FILE = YES;
				LD_RUNPATH_SEARCH_PATHS = (
					"$(inherited)",
					"@executable_path/Frameworks",
					"@loader_path/Frameworks",
				);
				MARKETING_VERSION = 1.0;
				PRODUCT_BUNDLE_IDENTIFIER = com.elzokla.theweatherapp.TheWeatherUITests;
				PRODUCT_NAME = "$(TARGET_NAME)";
				SWIFT_EMIT_LOC_STRINGS = NO;
				SWIFT_VERSION = 5.0;
				TARGETED_DEVICE_FAMILY = "1,2";
				TEST_TARGET_NAME = TheWeather;
			};
			name = Debug;
		};
		CE388234274808C400D4FDF9 /* Release */ = {
			isa = XCBuildConfiguration;
			buildSettings = {
				ALWAYS_EMBED_SWIFT_STANDARD_LIBRARIES = YES;
				CODE_SIGN_STYLE = Automatic;
				CURRENT_PROJECT_VERSION = 1;
				DEVELOPMENT_TEAM = 999448MWZF;
				GENERATE_INFOPLIST_FILE = YES;
				LD_RUNPATH_SEARCH_PATHS = (
					"$(inherited)",
					"@executable_path/Frameworks",
					"@loader_path/Frameworks",
				);
				MARKETING_VERSION = 1.0;
				PRODUCT_BUNDLE_IDENTIFIER = com.elzokla.theweatherapp.TheWeatherUITests;
				PRODUCT_NAME = "$(TARGET_NAME)";
				SWIFT_EMIT_LOC_STRINGS = NO;
				SWIFT_VERSION = 5.0;
				TARGETED_DEVICE_FAMILY = "1,2";
				TEST_TARGET_NAME = TheWeather;
			};
			name = Release;
		};
/* End XCBuildConfiguration section */

/* Begin XCConfigurationList section */
		CE3881FD274808C200D4FDF9 /* Build configuration list for PBXProject "TheWeather" */ = {
			isa = XCConfigurationList;
			buildConfigurations = (
				CE38822A274808C400D4FDF9 /* Debug */,
				CE38822B274808C400D4FDF9 /* Release */,
			);
			defaultConfigurationIsVisible = 0;
			defaultConfigurationName = Release;
		};
		CE38822C274808C400D4FDF9 /* Build configuration list for PBXNativeTarget "TheWeather" */ = {
			isa = XCConfigurationList;
			buildConfigurations = (
				CE38822D274808C400D4FDF9 /* Debug */,
				CE38822E274808C400D4FDF9 /* Release */,
			);
			defaultConfigurationIsVisible = 0;
			defaultConfigurationName = Release;
		};
		CE38822F274808C400D4FDF9 /* Build configuration list for PBXNativeTarget "TheWeatherTests" */ = {
			isa = XCConfigurationList;
			buildConfigurations = (
				CE388230274808C400D4FDF9 /* Debug */,
				CE388231274808C400D4FDF9 /* Release */,
			);
			defaultConfigurationIsVisible = 0;
			defaultConfigurationName = Release;
		};
		CE388232274808C400D4FDF9 /* Build configuration list for PBXNativeTarget "TheWeatherUITests" */ = {
			isa = XCConfigurationList;
			buildConfigurations = (
				CE388233274808C400D4FDF9 /* Debug */,
				CE388234274808C400D4FDF9 /* Release */,
			);
			defaultConfigurationIsVisible = 0;
			defaultConfigurationName = Release;
		};
/* End XCConfigurationList section */
	};
	rootObject = CE3881FA274808C200D4FDF9 /* Project object */;
}
